
Microsoft Visual Studio Solution File, Format Version 12.00
# Visual Studio Version 17
VisualStudioVersion = 17.3.32929.385
MinimumVisualStudioVersion = 10.0.40219.1
Project("{8BC9CEB8-8B4A-11D0-8D11-00A0C91BC942}") = "Move", "Move.vcxproj", "{BA447966-7E5B-48C0-8CE2-11E49EA7F1A7}"
EndProject
Global
	GlobalSection(SolutionConfigurationPlatforms) = preSolution
		Debug|x64 = Debug|x64
		Debug|x86 = Debug|x86
		Release|x64 = Release|x64
		Release|x86 = Release|x86
	EndGlobalSection
	GlobalSection(ProjectConfigurationPlatforms) = postSolution
		{BA447966-7E5B-48C0-8CE2-11E49EA7F1A7}.Debug|x64.ActiveCfg = Debug|x64
		{BA447966-7E5B-48C0-8CE2-11E49EA7F1A7}.Debug|x64.Build.0 = Debug|x64
		{BA447966-7E5B-48C0-8CE2-11E49EA7F1A7}.Debug|x86.ActiveCfg = Debug|Win32
		{BA447966-7E5B-48C0-8CE2-11E49EA7F1A7}.Debug|x86.Build.0 = Debug|Win32
		{BA447966-7E5B-48C0-8CE2-11E49EA7F1A7}.Release|x64.ActiveCfg = Release|x64
		{BA447966-7E5B-48C0-8CE2-11E49EA7F1A7}.Release|x64.Build.0 = Release|x64
		{BA447966-7E5B-48C0-8CE2-11E49EA7F1A7}.Release|x86.ActiveCfg = Release|Win32
		{BA447966-7E5B-48C0-8CE2-11E49EA7F1A7}.Release|x86.Build.0 = Release|Win32
	EndGlobalSection
	GlobalSection(SolutionProperties) = preSolution
		HideSolutionNode = FALSE
	EndGlobalSection
	GlobalSection(ExtensibilityGlobals) = postSolution
		SolutionGuid = {C64C4C5C-9515-4D22-B893-4C49FC39D448}
	EndGlobalSection
EndGlobal
